{
  "version": 2,
  "dependencies": {
    "net10.0": {
      "ConsoleAppFramework": {
        "type": "Direct",
        "requested": "[5.7.13, )",
        "resolved": "5.7.13",
        "contentHash": "5YE0wrPl4U28g+L6502sNdyUKygSGfeLDOhutD/zMCTFSeM7QnonoYfHjckOeSd1DEl9PUQYAGSqO8DV7lCIuw=="
      },
      "Nerdbank.GitVersioning": {
        "type": "Direct",
        "requested": "[3.10.91, )",
        "resolved": "3.10.91",
        "contentHash": "9MtEXm/um2lQAEoek1EkF4CXNH4JuXxv2jV3Ew2XlzP0LXxFaFiECS7ji8zf1ZaMnPGYbbom+Nm6y4ADc5HNHQ=="
      },
      "Acornima": {
        "type": "Transitive",
        "resolved": "1.6.2",
        "contentHash": "laakpDHzMwHr5C8+q5RlRf0XJJshUvghNeo4xDerICrYR3iEuGvwfpauCmXuU3RE437XDaQO5ZxieWDpADuD+w=="
      },
      "duets": {
        "type": "Project"
      },
      "duets.jint": {
        "type": "Project",
        "dependencies": {
          "Duets": "[1.0.0, )",
          "Jint": "[4.14.0, )"
        }
      },
      "duets.pad": {
        "type": "Project",
        "dependencies": {
          "Duets": "[1.0.0, )",
          "HttpHarker": "[1.0.0, )"
        }
      },
      "httpharker": {
        "type": "Project"
      },
      "Jint": {
        "type": "CentralTransitive",
        "requested": "[4.14.0, )",
        "resolved": "4.14.0",
        "contentHash": "stG038w8SDWhv3/dQRfB6cdQPWhhrfgBtpGCNXu0q2oWDDcKaTL2tXF7MVtapc2rcxyRxCtAOenaLCXiU1J1+Q==",
        "dependencies": {
          "Acornima": "1.6.2"
        }
      }
    }
  }
}