{
  "version": 2,
  "dependencies": {
    "net10.0": {
      "ConsoleAppFramework": {
        "type": "Direct",
        "requested": "[5.7.13, )",
        "resolved": "5.7.13",
        "contentHash": "5YE0wrPl4U28g+L6502sNdyUKygSGfeLDOhutD/zMCTFSeM7QnonoYfHjckOeSd1DEl9PUQYAGSqO8DV7lCIuw=="
      },
      "Nerdbank.GitVersioning": {
        "type": "Direct",
        "requested": "[3.9.50, )",
        "resolved": "3.9.50",
        "contentHash": "HtOgGF6jZ+WYbXnCUCYPT8Y2d6mIJo9ozjK/FINTRsXdm4Zgv9GehUMa7EFoGQkqrMcDJNOIDwCmENnvXg4UbA=="
      },
      "Acornima": {
        "type": "Transitive",
        "resolved": "1.6.2",
        "contentHash": "laakpDHzMwHr5C8+q5RlRf0XJJshUvghNeo4xDerICrYR3iEuGvwfpauCmXuU3RE437XDaQO5ZxieWDpADuD+w=="
      },
      "duets": {
        "type": "Project",
        "dependencies": {
          "HttpHarker": "[1.0.0, )"
        }
      },
      "duets.jint": {
        "type": "Project",
        "dependencies": {
          "Duets": "[1.0.0, )",
          "Jint": "[4.9.2, )"
        }
      },
      "httpharker": {
        "type": "Project"
      },
      "Jint": {
        "type": "CentralTransitive",
        "requested": "[4.9.2, )",
        "resolved": "4.9.2",
        "contentHash": "dEBge1IXsWrNefhc9mwYKQPmvzGhO9n/L7aMHobiXVkkvmeyPVYuthZ0i0hXy+JXJSP3K75hu/F51y5fXjtLzg==",
        "dependencies": {
          "Acornima": "1.6.2"
        }
      }
    }
  }
}