{
  "version": 2,
  "dependencies": {
    ".NETStandard,Version=v2.1": {
      "Jint": {
        "type": "Direct",
        "requested": "[4.14.0, )",
        "resolved": "4.14.0",
        "contentHash": "stG038w8SDWhv3/dQRfB6cdQPWhhrfgBtpGCNXu0q2oWDDcKaTL2tXF7MVtapc2rcxyRxCtAOenaLCXiU1J1+Q==",
        "dependencies": {
          "Acornima": "1.6.2"
        }
      },
      "Nerdbank.GitVersioning": {
        "type": "Direct",
        "requested": "[3.10.94, )",
        "resolved": "3.10.94",
        "contentHash": "sn6gFIx6bwFj3Me0XGmek3gLZi/MZC8C4tRLwslXGeBcXcVxvFpZyDrQA93G8TiYgxTS7J7triKB7hj5wXzSxA=="
      },
      "PolySharp": {
        "type": "Direct",
        "requested": "[1.16.0, )",
        "resolved": "1.16.0",
        "contentHash": "3kdIIceBPumwjw279FuiVMfVENT2cGASXJgcigdySsbX2dJB8ofUgG6i47yqF/k1qu6fvNR3csrSekZPviR6kQ=="
      },
      "Acornima": {
        "type": "Transitive",
        "resolved": "1.6.2",
        "contentHash": "laakpDHzMwHr5C8+q5RlRf0XJJshUvghNeo4xDerICrYR3iEuGvwfpauCmXuU3RE437XDaQO5ZxieWDpADuD+w==",
        "dependencies": {
          "System.Runtime.CompilerServices.Unsafe": "6.0.0"
        }
      },
      "System.Runtime.CompilerServices.Unsafe": {
        "type": "Transitive",
        "resolved": "6.0.0",
        "contentHash": "/iUeP3tq1S0XdNNoMz5C9twLSrM/TH+qElHkXWaPvuNOt+99G75NrV0OS2EqHx5wMN7popYjpc8oTjC1y16DLg=="
      },
      "duets": {
        "type": "Project"
      }
    },
    "net8.0": {
      "Jint": {
        "type": "Direct",
        "requested": "[4.14.0, )",
        "resolved": "4.14.0",
        "contentHash": "stG038w8SDWhv3/dQRfB6cdQPWhhrfgBtpGCNXu0q2oWDDcKaTL2tXF7MVtapc2rcxyRxCtAOenaLCXiU1J1+Q==",
        "dependencies": {
          "Acornima": "1.6.2"
        }
      },
      "Nerdbank.GitVersioning": {
        "type": "Direct",
        "requested": "[3.10.94, )",
        "resolved": "3.10.94",
        "contentHash": "sn6gFIx6bwFj3Me0XGmek3gLZi/MZC8C4tRLwslXGeBcXcVxvFpZyDrQA93G8TiYgxTS7J7triKB7hj5wXzSxA=="
      },
      "Acornima": {
        "type": "Transitive",
        "resolved": "1.6.2",
        "contentHash": "laakpDHzMwHr5C8+q5RlRf0XJJshUvghNeo4xDerICrYR3iEuGvwfpauCmXuU3RE437XDaQO5ZxieWDpADuD+w=="
      },
      "duets": {
        "type": "Project"
      }
    }
  }
}