{
  "version": 2,
  "dependencies": {
    ".NETStandard,Version=v2.1": {
      "Jint": {
        "type": "Direct",
        "requested": "[4.16.1, )",
        "resolved": "4.16.1",
        "contentHash": "qBsTEDWhg2p4LZIV1sqzJw2evwvJ5davU7SNMprlRhLKv2t7mjk4ozzyrGTgXyZyqFIj1SdJ5ySvKWUvkqslfg==",
        "dependencies": {
          "Acornima": "1.7.0"
        }
      },
      "Nerdbank.GitVersioning": {
        "type": "Direct",
        "requested": "[3.10.91, )",
        "resolved": "3.10.91",
        "contentHash": "9MtEXm/um2lQAEoek1EkF4CXNH4JuXxv2jV3Ew2XlzP0LXxFaFiECS7ji8zf1ZaMnPGYbbom+Nm6y4ADc5HNHQ=="
      },
      "PolySharp": {
        "type": "Direct",
        "requested": "[1.16.0, )",
        "resolved": "1.16.0",
        "contentHash": "3kdIIceBPumwjw279FuiVMfVENT2cGASXJgcigdySsbX2dJB8ofUgG6i47yqF/k1qu6fvNR3csrSekZPviR6kQ=="
      },
      "Acornima": {
        "type": "Transitive",
        "resolved": "1.7.0",
        "contentHash": "a2I4O4qkuAdB0oSaGz6/k0n/bXxMbGcLBra5dNTTVSLmTwM7uORA8ebpOrNMmDfFWOMwvuaRL6gPprRV4HTV0w==",
        "dependencies": {
          "System.Runtime.CompilerServices.Unsafe": "6.0.0"
        }
      },
      "System.Runtime.CompilerServices.Unsafe": {
        "type": "Transitive",
        "resolved": "6.0.0",
        "contentHash": "/iUeP3tq1S0XdNNoMz5C9twLSrM/TH+qElHkXWaPvuNOt+99G75NrV0OS2EqHx5wMN7popYjpc8oTjC1y16DLg=="
      },
      "duets": {
        "type": "Project"
      }
    },
    "net8.0": {
      "Jint": {
        "type": "Direct",
        "requested": "[4.16.1, )",
        "resolved": "4.16.1",
        "contentHash": "qBsTEDWhg2p4LZIV1sqzJw2evwvJ5davU7SNMprlRhLKv2t7mjk4ozzyrGTgXyZyqFIj1SdJ5ySvKWUvkqslfg==",
        "dependencies": {
          "Acornima": "1.7.0"
        }
      },
      "Nerdbank.GitVersioning": {
        "type": "Direct",
        "requested": "[3.10.91, )",
        "resolved": "3.10.91",
        "contentHash": "9MtEXm/um2lQAEoek1EkF4CXNH4JuXxv2jV3Ew2XlzP0LXxFaFiECS7ji8zf1ZaMnPGYbbom+Nm6y4ADc5HNHQ=="
      },
      "Acornima": {
        "type": "Transitive",
        "resolved": "1.7.0",
        "contentHash": "a2I4O4qkuAdB0oSaGz6/k0n/bXxMbGcLBra5dNTTVSLmTwM7uORA8ebpOrNMmDfFWOMwvuaRL6gPprRV4HTV0w=="
      },
      "duets": {
        "type": "Project"
      }
    }
  }
}