{
  "version": 2,
  "dependencies": {
    "net10.0": {
      "Microsoft.DotNet.ILCompiler": {
        "type": "Direct",
        "requested": "[10.0.8, )",
        "resolved": "10.0.8",
        "contentHash": "RJxitcN5CCyZDcPNXKLsecwKvACzmy8C1z8hGM9+hFcnPhv1jDysJFFIeUHIPWaZ6wDAfYtZcgKEtegvL2Nz8A=="
      },
      "Microsoft.NET.ILLink.Tasks": {
        "type": "Direct",
        "requested": "[10.0.8, )",
        "resolved": "10.0.8",
        "contentHash": "dVbSXGIFNR5nZcv2tOLoWI+a9T4jtFd77IYjuND+QVe360qWgAF7H0WtoopYhRw/+SgpGUTyrkrh+65+ClNnfw=="
      },
      "Nerdbank.GitVersioning": {
        "type": "Direct",
        "requested": "[3.9.50, )",
        "resolved": "3.9.50",
        "contentHash": "HtOgGF6jZ+WYbXnCUCYPT8Y2d6mIJo9ozjK/FINTRsXdm4Zgv9GehUMa7EFoGQkqrMcDJNOIDwCmENnvXg4UbA=="
      },
      "ProcessX": {
        "type": "Direct",
        "requested": "[1.5.6, )",
        "resolved": "1.5.6",
        "contentHash": "Em326x97y5Z0fWGyVafgTfrd3upaIqHECWFa85AKCneHU1pIw+a8VmEXIuB1j3v70Ko4/rEdwBSwaYTGPROdLQ=="
      }
    },
    "net10.0/linux-x64": {
      "Microsoft.DotNet.ILCompiler": {
        "type": "Direct",
        "requested": "[10.0.8, )",
        "resolved": "10.0.8",
        "contentHash": "RJxitcN5CCyZDcPNXKLsecwKvACzmy8C1z8hGM9+hFcnPhv1jDysJFFIeUHIPWaZ6wDAfYtZcgKEtegvL2Nz8A==",
        "dependencies": {
          "runtime.linux-x64.Microsoft.DotNet.ILCompiler": "10.0.8"
        }
      },
      "runtime.linux-x64.Microsoft.DotNet.ILCompiler": {
        "type": "Transitive",
        "resolved": "10.0.8",
        "contentHash": "0jxyi69frgaqADCnEpHE+f65NoiRTAjfjvNDMOxWV77BumQ56eMDL4ECw29DcJTqwaYJQ92PqDS6y6CiLf7kgw=="
      }
    }
  }
}